// !$*UTF8*$!
{
	archiveVersion = 1;
	classes = {
	};
	objectVersion = 48;
	objects = {

/* Begin PBXBuildFile section */
		B41947E3227CB8F400C22D85 /* FutureKit.h in Headers */ = {isa = PBXBuildFile; fileRef = B41947E1227CB8F400C22D85 /* FutureKit.h */; settings = {ATTRIBUTES = (Public, ); }; };
		B41947E6227CB8F400C22D85 /* FutureKit.framework in Frameworks */ = {isa = PBXBuildFile; fileRef = B41947DF227CB8F400C22D85 /* FutureKit.framework */; };
		B41947E7227CB8F400C22D85 /* FutureKit.framework in Embed Frameworks */ = {isa = PBXBuildFile; fileRef = B41947DF227CB8F400C22D85 /* FutureKit.framework */; settings = {ATTRIBUTES = (CodeSignOnCopy, RemoveHeadersOnCopy, ); }; };
		B41947EC227CB96A00C22D85 /* Future.swift in Sources */ = {isa = PBXBuildFile; fileRef = B411159D22749FC000192AF2 /* Future.swift */; };
		B41947ED227CB96A00C22D85 /* FutureChained.swift in Sources */ = {isa = PBXBuildFile; fileRef = B41115952274992500192AF2 /* FutureChained.swift */; };
		B41947EE227CB96A00C22D85 /* FutureTransformed.swift in Sources */ = {isa = PBXBuildFile; fileRef = B41115972274994500192AF2 /* FutureTransformed.swift */; };
		B41947EF227CB96A00C22D85 /* FutureDecoded.swift in Sources */ = {isa = PBXBuildFile; fileRef = B41115992274996300192AF2 /* FutureDecoded.swift */; };
		B41947F1227CB96A00C22D85 /* FutureSaved.swift in Sources */ = {isa = PBXBuildFile; fileRef = B411159B2274997E00192AF2 /* FutureSaved.swift */; };
		B42C08BD20CD1F2100A39F69 /* Environment.swift in Sources */ = {isa = PBXBuildFile; fileRef = B42C08BB20CD1F2000A39F69 /* Environment.swift */; };
		B42C08BE20CD1F2100A39F69 /* Logger.swift in Sources */ = {isa = PBXBuildFile; fileRef = B42C08BC20CD1F2000A39F69 /* Logger.swift */; };
		B455052322902653000E383C /* Extensions.swift in Sources */ = {isa = PBXBuildFile; fileRef = B455052222902653000E383C /* Extensions.swift */; };
		B455052522903D13000E383C /* Functional.swift in Sources */ = {isa = PBXBuildFile; fileRef = B455052422903D13000E383C /* Functional.swift */; };
		B455052B229051AF000E383C /* Endpoint.swift in Sources */ = {isa = PBXBuildFile; fileRef = B455052A229051AF000E383C /* Endpoint.swift */; };
		B455052D229051FF000E383C /* Endpoints.swift in Sources */ = {isa = PBXBuildFile; fileRef = B455052C229051FF000E383C /* Endpoints.swift */; };
		B469921B22933B3B003E115A /* Error.swift in Sources */ = {isa = PBXBuildFile; fileRef = B469921A22933B3B003E115A /* Error.swift */; };
		B469921D22933B76003E115A /* Logger.swift in Sources */ = {isa = PBXBuildFile; fileRef = B469921C22933B76003E115A /* Logger.swift */; };
		B46AEBE5227F4B73004C9ABC /* Models.swift in Sources */ = {isa = PBXBuildFile; fileRef = B46AEBE4227F4B73004C9ABC /* Models.swift */; };
		B46AEBEF227F4D93004C9ABC /* NetworkKit.h in Headers */ = {isa = PBXBuildFile; fileRef = B46AEBED227F4D93004C9ABC /* NetworkKit.h */; settings = {ATTRIBUTES = (Public, ); }; };
		B46AEBF2227F4D93004C9ABC /* NetworkKit.framework in Frameworks */ = {isa = PBXBuildFile; fileRef = B46AEBEB227F4D92004C9ABC /* NetworkKit.framework */; };
		B46AEBF3227F4D93004C9ABC /* NetworkKit.framework in Embed Frameworks */ = {isa = PBXBuildFile; fileRef = B46AEBEB227F4D92004C9ABC /* NetworkKit.framework */; settings = {ATTRIBUTES = (CodeSignOnCopy, RemoveHeadersOnCopy, ); }; };
		B46AEBF7227F4DEA004C9ABC /* Network.swift in Sources */ = {isa = PBXBuildFile; fileRef = E14D0519205D7CDF0094A002 /* Network.swift */; };
		B46AEBFA227F4DEA004C9ABC /* SecurityManager.swift in Sources */ = {isa = PBXBuildFile; fileRef = B4A6D1F02269FC26005B66BC /* SecurityManager.swift */; };
		B46AEBFB227F4DEA004C9ABC /* Encoder&Decoder.swift in Sources */ = {isa = PBXBuildFile; fileRef = B4A6D1F22269FC54005B66BC /* Encoder&Decoder.swift */; };
		B46AEBFC227F4DEA004C9ABC /* HTTP.swift in Sources */ = {isa = PBXBuildFile; fileRef = B4A6D1F42269FCEF005B66BC /* HTTP.swift */; };
		B46AEBFF227F4F40004C9ABC /* FutureKit.framework in Frameworks */ = {isa = PBXBuildFile; fileRef = B41947DF227CB8F400C22D85 /* FutureKit.framework */; };
		B46AEC03227F65AF004C9ABC /* FutureEncoded.swift in Sources */ = {isa = PBXBuildFile; fileRef = B46AEC02227F65AF004C9ABC /* FutureEncoded.swift */; };
		B4810EF9228F07F9001578F1 /* FunctionalPhotoLoader.swift in Sources */ = {isa = PBXBuildFile; fileRef = B4810EF8228F07F9001578F1 /* FunctionalPhotoLoader.swift */; };
		B4A6D1EF2269F9FD005B66BC /* README.md in Resources */ = {isa = PBXBuildFile; fileRef = B4A6D1EE2269F9FD005B66BC /* README.md */; };
		B4F40D6222823B250090B413 /* FunctionalNetwork.swift in Sources */ = {isa = PBXBuildFile; fileRef = B4F40D6122823B250090B413 /* FunctionalNetwork.swift */; };
		E168D0332045C2AC00F8C79F /* AppDelegate.swift in Sources */ = {isa = PBXBuildFile; fileRef = E168D0322045C2AC00F8C79F /* AppDelegate.swift */; };
		E168D0352045C2AC00F8C79F /* ViewController.swift in Sources */ = {isa = PBXBuildFile; fileRef = E168D0342045C2AC00F8C79F /* ViewController.swift */; };
		E168D0382045C2AC00F8C79F /* Main.storyboard in Resources */ = {isa = PBXBuildFile; fileRef = E168D0362045C2AC00F8C79F /* Main.storyboard */; };
		E168D03A2045C2AC00F8C79F /* Assets.xcassets in Resources */ = {isa = PBXBuildFile; fileRef = E168D0392045C2AC00F8C79F /* Assets.xcassets */; };
		E168D03D2045C2AC00F8C79F /* LaunchScreen.storyboard in Resources */ = {isa = PBXBuildFile; fileRef = E168D03B2045C2AC00F8C79F /* LaunchScreen.storyboard */; };
/* End PBXBuildFile section */

/* Begin PBXContainerItemProxy section */
		B41947E4227CB8F400C22D85 /* PBXContainerItemProxy */ = {
			isa = PBXContainerItemProxy;
			containerPortal = E168D0272045C2AC00F8C79F /* Project object */;
			proxyType = 1;
			remoteGlobalIDString = B41947DE227CB8F400C22D85;
			remoteInfo = FutureKit;
		};
		B46AEBF0227F4D93004C9ABC /* PBXContainerItemProxy */ = {
			isa = PBXContainerItemProxy;
			containerPortal = E168D0272045C2AC00F8C79F /* Project object */;
			proxyType = 1;
			remoteGlobalIDString = B46AEBEA227F4D92004C9ABC;
			remoteInfo = NetworkKit;
		};
/* End PBXContainerItemProxy section */

/* Begin PBXCopyFilesBuildPhase section */
		B41947EB227CB8F400C22D85 /* Embed Frameworks */ = {
			isa = PBXCopyFilesBuildPhase;
			buildActionMask = 2147483647;
			dstPath = "";
			dstSubfolderSpec = 10;
			files = (
				B46AEBF3227F4D93004C9ABC /* NetworkKit.framework in Embed Frameworks */,
				B41947E7227CB8F400C22D85 /* FutureKit.framework in Embed Frameworks */,
			);
			name = "Embed Frameworks";
			runOnlyForDeploymentPostprocessing = 0;
		};
/* End PBXCopyFilesBuildPhase section */

/* Begin PBXFileReference section */
		B41115952274992500192AF2 /* FutureChained.swift */ = {isa = PBXFileReference; lastKnownFileType = sourcecode.swift; path = FutureChained.swift; sourceTree = "<group>"; };
		B41115972274994500192AF2 /* FutureTransformed.swift */ = {isa = PBXFileReference; lastKnownFileType = sourcecode.swift; path = FutureTransformed.swift; sourceTree = "<group>"; };
		B41115992274996300192AF2 /* FutureDecoded.swift */ = {isa = PBXFileReference; lastKnownFileType = sourcecode.swift; path = FutureDecoded.swift; sourceTree = "<group>"; };
		B411159B2274997E00192AF2 /* FutureSaved.swift */ = {isa = PBXFileReference; lastKnownFileType = sourcecode.swift; path = FutureSaved.swift; sourceTree = "<group>"; };
		B411159D22749FC000192AF2 /* Future.swift */ = {isa = PBXFileReference; lastKnownFileType = sourcecode.swift; path = Future.swift; sourceTree = "<group>"; };
		B41947DF227CB8F400C22D85 /* FutureKit.framework */ = {isa = PBXFileReference; explicitFileType = wrapper.framework; includeInIndex = 0; path = FutureKit.framework; sourceTree = BUILT_PRODUCTS_DIR; };
		B41947E1227CB8F400C22D85 /* FutureKit.h */ = {isa = PBXFileReference; lastKnownFileType = sourcecode.c.h; path = FutureKit.h; sourceTree = "<group>"; };
		B41947E2227CB8F400C22D85 /* Info.plist */ = {isa = PBXFileReference; lastKnownFileType = text.plist.xml; path = Info.plist; sourceTree = "<group>"; };
		B42C08BB20CD1F2000A39F69 /* Environment.swift */ = {isa = PBXFileReference; fileEncoding = 4; lastKnownFileType = sourcecode.swift; path = Environment.swift; sourceTree = "<group>"; };
		B42C08BC20CD1F2000A39F69 /* Logger.swift */ = {isa = PBXFileReference; fileEncoding = 4; lastKnownFileType = sourcecode.swift; path = Logger.swift; sourceTree = "<group>"; };
		B455052222902653000E383C /* Extensions.swift */ = {isa = PBXFileReference; lastKnownFileType = sourcecode.swift; path = Extensions.swift; sourceTree = "<group>"; };
		B455052422903D13000E383C /* Functional.swift */ = {isa = PBXFileReference; lastKnownFileType = sourcecode.swift; path = Functional.swift; sourceTree = "<group>"; };
		B455052A229051AF000E383C /* Endpoint.swift */ = {isa = PBXFileReference; lastKnownFileType = sourcecode.swift; path = Endpoint.swift; sourceTree = "<group>"; };
		B455052C229051FF000E383C /* Endpoints.swift */ = {isa = PBXFileReference; lastKnownFileType = sourcecode.swift; path = Endpoints.swift; sourceTree = "<group>"; };
		B469921A22933B3B003E115A /* Error.swift */ = {isa = PBXFileReference; lastKnownFileType = sourcecode.swift; path = Error.swift; sourceTree = "<group>"; };
		B469921C22933B76003E115A /* Logger.swift */ = {isa = PBXFileReference; lastKnownFileType = sourcecode.swift; path = Logger.swift; sourceTree = "<group>"; };
		B46AEBE4227F4B73004C9ABC /* Models.swift */ = {isa = PBXFileReference; lastKnownFileType = sourcecode.swift; path = Models.swift; sourceTree = "<group>"; };
		B46AEBEB227F4D92004C9ABC /* NetworkKit.framework */ = {isa = PBXFileReference; explicitFileType = wrapper.framework; includeInIndex = 0; path = NetworkKit.framework; sourceTree = BUILT_PRODUCTS_DIR; };
		B46AEBED227F4D93004C9ABC /* NetworkKit.h */ = {isa = PBXFileReference; lastKnownFileType = sourcecode.c.h; path = NetworkKit.h; sourceTree = "<group>"; };
		B46AEBEE227F4D93004C9ABC /* Info.plist */ = {isa = PBXFileReference; lastKnownFileType = text.plist.xml; path = Info.plist; sourceTree = "<group>"; };
		B46AEC02227F65AF004C9ABC /* FutureEncoded.swift */ = {isa = PBXFileReference; lastKnownFileType = sourcecode.swift; path = FutureEncoded.swift; sourceTree = "<group>"; };
		B4810EF8228F07F9001578F1 /* FunctionalPhotoLoader.swift */ = {isa = PBXFileReference; lastKnownFileType = sourcecode.swift; path = FunctionalPhotoLoader.swift; sourceTree = "<group>"; };
		B4A6D1EE2269F9FD005B66BC /* README.md */ = {isa = PBXFileReference; fileEncoding = 4; lastKnownFileType = net.daringfireball.markdown; path = README.md; sourceTree = "<group>"; };
		B4A6D1F02269FC26005B66BC /* SecurityManager.swift */ = {isa = PBXFileReference; lastKnownFileType = sourcecode.swift; path = SecurityManager.swift; sourceTree = "<group>"; };
		B4A6D1F22269FC54005B66BC /* Encoder&Decoder.swift */ = {isa = PBXFileReference; lastKnownFileType = sourcecode.swift; path = "Encoder&Decoder.swift"; sourceTree = "<group>"; };
		B4A6D1F42269FCEF005B66BC /* HTTP.swift */ = {isa = PBXFileReference; lastKnownFileType = sourcecode.swift; path = HTTP.swift; sourceTree = "<group>"; };
		B4F40D6122823B250090B413 /* FunctionalNetwork.swift */ = {isa = PBXFileReference; lastKnownFileType = sourcecode.swift; path = FunctionalNetwork.swift; sourceTree = "<group>"; };
		E14D0519205D7CDF0094A002 /* Network.swift */ = {isa = PBXFileReference; lastKnownFileType = sourcecode.swift; path = Network.swift; sourceTree = "<group>"; };
		E168D02F2045C2AC00F8C79F /* Network App.app */ = {isa = PBXFileReference; explicitFileType = wrapper.application; includeInIndex = 0; path = "Network App.app"; sourceTree = BUILT_PRODUCTS_DIR; };
		E168D0322045C2AC00F8C79F /* AppDelegate.swift */ = {isa = PBXFileReference; lastKnownFileType = sourcecode.swift; path = AppDelegate.swift; sourceTree = "<group>"; };
		E168D0342045C2AC00F8C79F /* ViewController.swift */ = {isa = PBXFileReference; lastKnownFileType = sourcecode.swift; path = ViewController.swift; sourceTree = "<group>"; };
		E168D0372045C2AC00F8C79F /* Base */ = {isa = PBXFileReference; lastKnownFileType = file.storyboard; name = Base; path = Base.lproj/Main.storyboard; sourceTree = "<group>"; };
		E168D0392045C2AC00F8C79F /* Assets.xcassets */ = {isa = PBXFileReference; lastKnownFileType = folder.assetcatalog; path = Assets.xcassets; sourceTree = "<group>"; };
		E168D03C2045C2AC00F8C79F /* Base */ = {isa = PBXFileReference; lastKnownFileType = file.storyboard; name = Base; path = Base.lproj/LaunchScreen.storyboard; sourceTree = "<group>"; };
		E168D03E2045C2AC00F8C79F /* Info.plist */ = {isa = PBXFileReference; lastKnownFileType = text.plist.xml; path = Info.plist; sourceTree = "<group>"; };
/* End PBXFileReference section */

/* Begin PBXFrameworksBuildPhase section */
		B41947DC227CB8F400C22D85 /* Frameworks */ = {
			isa = PBXFrameworksBuildPhase;
			buildActionMask = 2147483647;
			files = (
			);
			runOnlyForDeploymentPostprocessing = 0;
		};
		B46AEBE8227F4D92004C9ABC /* Frameworks */ = {
			isa = PBXFrameworksBuildPhase;
			buildActionMask = 2147483647;
			files = (
				B46AEBFF227F4F40004C9ABC /* FutureKit.framework in Frameworks */,
			);
			runOnlyForDeploymentPostprocessing = 0;
		};
		E168D02C2045C2AC00F8C79F /* Frameworks */ = {
			isa = PBXFrameworksBuildPhase;
			buildActionMask = 2147483647;
			files = (
				B46AEBF2227F4D93004C9ABC /* NetworkKit.framework in Frameworks */,
				B41947E6227CB8F400C22D85 /* FutureKit.framework in Frameworks */,
			);
			runOnlyForDeploymentPostprocessing = 0;
		};
/* End PBXFrameworksBuildPhase section */

/* Begin PBXGroup section */
		B41115942274991100192AF2 /* Future */ = {
			isa = PBXGroup;
			children = (
				B411159D22749FC000192AF2 /* Future.swift */,
				B41115952274992500192AF2 /* FutureChained.swift */,
				B41115972274994500192AF2 /* FutureTransformed.swift */,
				B41115992274996300192AF2 /* FutureDecoded.swift */,
				B46AEC02227F65AF004C9ABC /* FutureEncoded.swift */,
				B411159B2274997E00192AF2 /* FutureSaved.swift */,
			);
			path = Future;
			sourceTree = "<group>";
		};
		B41947E0227CB8F400C22D85 /* FutureKit */ = {
			isa = PBXGroup;
			children = (
				B41947E1227CB8F400C22D85 /* FutureKit.h */,
				B41947E2227CB8F400C22D85 /* Info.plist */,
				B41115942274991100192AF2 /* Future */,
			);
			path = FutureKit;
			sourceTree = "<group>";
		};
		B419480D227CBEA200C22D85 /* Network */ = {
			isa = PBXGroup;
			children = (
				E14D0519205D7CDF0094A002 /* Network.swift */,
				B4F40D6122823B250090B413 /* FunctionalNetwork.swift */,
				B469921A22933B3B003E115A /* Error.swift */,
				B455052A229051AF000E383C /* Endpoint.swift */,
				B4A6D1F02269FC26005B66BC /* SecurityManager.swift */,
				B4A6D1F22269FC54005B66BC /* Encoder&Decoder.swift */,
				B4A6D1F42269FCEF005B66BC /* HTTP.swift */,
				B469921C22933B76003E115A /* Logger.swift */,
			);
			path = Network;
			sourceTree = "<group>";
		};
		B46AEBEC227F4D93004C9ABC /* NetworkKit */ = {
			isa = PBXGroup;
			children = (
				B46AEBED227F4D93004C9ABC /* NetworkKit.h */,
				B46AEBEE227F4D93004C9ABC /* Info.plist */,
				B419480D227CBEA200C22D85 /* Network */,
			);
			path = NetworkKit;
			sourceTree = "<group>";
		};
		B46AEBFE227F4F40004C9ABC /* Frameworks */ = {
			isa = PBXGroup;
			children = (
			);
			name = Frameworks;
			sourceTree = "<group>";
		};
		E168D0262045C2AC00F8C79F = {
			isa = PBXGroup;
			children = (
				B4A6D1EE2269F9FD005B66BC /* README.md */,
				E168D0312045C2AC00F8C79F /* Network App */,
				B46AEBEC227F4D93004C9ABC /* NetworkKit */,
				B41947E0227CB8F400C22D85 /* FutureKit */,
				E168D0302045C2AC00F8C79F /* Products */,
				B46AEBFE227F4F40004C9ABC /* Frameworks */,
			);
			sourceTree = "<group>";
		};
		E168D0302045C2AC00F8C79F /* Products */ = {
			isa = PBXGroup;
			children = (
				E168D02F2045C2AC00F8C79F /* Network App.app */,
				B41947DF227CB8F400C22D85 /* FutureKit.framework */,
				B46AEBEB227F4D92004C9ABC /* NetworkKit.framework */,
			);
			name = Products;
			sourceTree = "<group>";
		};
		E168D0312045C2AC00F8C79F /* Network App */ = {
			isa = PBXGroup;
			children = (
				E168D0322045C2AC00F8C79F /* AppDelegate.swift */,
				E168D0362045C2AC00F8C79F /* Main.storyboard */,
				B46AEBE4227F4B73004C9ABC /* Models.swift */,
				B455052C229051FF000E383C /* Endpoints.swift */,
				E168D0342045C2AC00F8C79F /* ViewController.swift */,
				B4810EF8228F07F9001578F1 /* FunctionalPhotoLoader.swift */,
				B42C08BC20CD1F2000A39F69 /* Logger.swift */,
				B42C08BB20CD1F2000A39F69 /* Environment.swift */,
				B455052422903D13000E383C /* Functional.swift */,
				B455052222902653000E383C /* Extensions.swift */,
				E168D0392045C2AC00F8C79F /* Assets.xcassets */,
				E168D03B2045C2AC00F8C79F /* LaunchScreen.storyboard */,
				E168D03E2045C2AC00F8C79F /* Info.plist */,
			);
			path = "Network App";
			sourceTree = "<group>";
		};
/* End PBXGroup section */

/* Begin PBXHeadersBuildPhase section */
		B41947DA227CB8F400C22D85 /* Headers */ = {
			isa = PBXHeadersBuildPhase;
			buildActionMask = 2147483647;
			files = (
				B41947E3227CB8F400C22D85 /* FutureKit.h in Headers */,
			);
			runOnlyForDeploymentPostprocessing = 0;
		};
		B46AEBE6227F4D92004C9ABC /* Headers */ = {
			isa = PBXHeadersBuildPhase;
			buildActionMask = 2147483647;
			files = (
				B46AEBEF227F4D93004C9ABC /* NetworkKit.h in Headers */,
			);
			runOnlyForDeploymentPostprocessing = 0;
		};
/* End PBXHeadersBuildPhase section */

/* Begin PBXNativeTarget section */
		B41947DE227CB8F400C22D85 /* FutureKit */ = {
			isa = PBXNativeTarget;
			buildConfigurationList = B41947EA227CB8F400C22D85 /* Build configuration list for PBXNativeTarget "FutureKit" */;
			buildPhases = (
				B41947DA227CB8F400C22D85 /* Headers */,
				B41947DB227CB8F400C22D85 /* Sources */,
				B41947DC227CB8F400C22D85 /* Frameworks */,
				B41947DD227CB8F400C22D85 /* Resources */,
			);
			buildRules = (
			);
			dependencies = (
			);
			name = FutureKit;
			productName = FutureKit;
			productReference = B41947DF227CB8F400C22D85 /* FutureKit.framework */;
			productType = "com.apple.product-type.framework";
		};
		B46AEBEA227F4D92004C9ABC /* NetworkKit */ = {
			isa = PBXNativeTarget;
			buildConfigurationList = B46AEBF4227F4D93004C9ABC /* Build configuration list for PBXNativeTarget "NetworkKit" */;
			buildPhases = (
				B46AEBE6227F4D92004C9ABC /* Headers */,
				B46AEBE7227F4D92004C9ABC /* Sources */,
				B46AEBE8227F4D92004C9ABC /* Frameworks */,
				B46AEBE9227F4D92004C9ABC /* Resources */,
			);
			buildRules = (
			);
			dependencies = (
			);
			name = NetworkKit;
			productName = NetworkKit;
			productReference = B46AEBEB227F4D92004C9ABC /* NetworkKit.framework */;
			productType = "com.apple.product-type.framework";
		};
		E168D02E2045C2AC00F8C79F /* Network App */ = {
			isa = PBXNativeTarget;
			buildConfigurationList = E168D0412045C2AC00F8C79F /* Build configuration list for PBXNativeTarget "Network App" */;
			buildPhases = (
				E168D02B2045C2AC00F8C79F /* Sources */,
				E168D02C2045C2AC00F8C79F /* Frameworks */,
				E168D02D2045C2AC00F8C79F /* Resources */,
				B41947EB227CB8F400C22D85 /* Embed Frameworks */,
			);
			buildRules = (
			);
			dependencies = (
				B41947E5227CB8F400C22D85 /* PBXTargetDependency */,
				B46AEBF1227F4D93004C9ABC /* PBXTargetDependency */,
			);
			name = "Network App";
			productName = Network;
			productReference = E168D02F2045C2AC00F8C79F /* Network App.app */;
			productType = "com.apple.product-type.application";
		};
/* End PBXNativeTarget section */

/* Begin PBXProject section */
		E168D0272045C2AC00F8C79F /* Project object */ = {
			isa = PBXProject;
			attributes = {
				LastSwiftUpdateCheck = 0920;
				LastUpgradeCheck = 0930;
				ORGANIZATIONNAME = "Fabio Ferrero";
				TargetAttributes = {
					B41947DE227CB8F400C22D85 = {
						CreatedOnToolsVersion = 10.2.1;
						ProvisioningStyle = Automatic;
					};
					B46AEBEA227F4D92004C9ABC = {
						CreatedOnToolsVersion = 10.2.1;
						ProvisioningStyle = Automatic;
					};
					E168D02E2045C2AC00F8C79F = {
						CreatedOnToolsVersion = 9.2;
						LastSwiftMigration = 1020;
						ProvisioningStyle = Automatic;
					};
				};
			};
			buildConfigurationList = E168D02A2045C2AC00F8C79F /* Build configuration list for PBXProject "Network App" */;
			compatibilityVersion = "Xcode 8.0";
			developmentRegion = en;
			hasScannedForEncodings = 0;
			knownRegions = (
				en,
				Base,
			);
			mainGroup = E168D0262045C2AC00F8C79F;
			productRefGroup = E168D0302045C2AC00F8C79F /* Products */;
			projectDirPath = "";
			projectRoot = "";
			targets = (
				E168D02E2045C2AC00F8C79F /* Network App */,
				B41947DE227CB8F400C22D85 /* FutureKit */,
				B46AEBEA227F4D92004C9ABC /* NetworkKit */,
			);
		};
/* End PBXProject section */

/* Begin PBXResourcesBuildPhase section */
		B41947DD227CB8F400C22D85 /* Resources */ = {
			isa = PBXResourcesBuildPhase;
			buildActionMask = 2147483647;
			files = (
			);
			runOnlyForDeploymentPostprocessing = 0;
		};
		B46AEBE9227F4D92004C9ABC /* Resources */ = {
			isa = PBXResourcesBuildPhase;
			buildActionMask = 2147483647;
			files = (
			);
			runOnlyForDeploymentPostprocessing = 0;
		};
		E168D02D2045C2AC00F8C79F /* Resources */ = {
			isa = PBXResourcesBuildPhase;
			buildActionMask = 2147483647;
			files = (
				E168D03D2045C2AC00F8C79F /* LaunchScreen.storyboard in Resources */,
				E168D03A2045C2AC00F8C79F /* Assets.xcassets in Resources */,
				B4A6D1EF2269F9FD005B66BC /* README.md in Resources */,
				E168D0382045C2AC00F8C79F /* Main.storyboard in Resources */,
			);
			runOnlyForDeploymentPostprocessing = 0;
		};
/* End PBXResourcesBuildPhase section */

/* Begin PBXSourcesBuildPhase section */
		B41947DB227CB8F400C22D85 /* Sources */ = {
			isa = PBXSourcesBuildPhase;
			buildActionMask = 2147483647;
			files = (
				B41947EC227CB96A00C22D85 /* Future.swift in Sources */,
				B41947EF227CB96A00C22D85 /* FutureDecoded.swift in Sources */,
				B41947F1227CB96A00C22D85 /* FutureSaved.swift in Sources */,
				B41947EE227CB96A00C22D85 /* FutureTransformed.swift in Sources */,
				B41947ED227CB96A00C22D85 /* FutureChained.swift in Sources */,
				B46AEC03227F65AF004C9ABC /* FutureEncoded.swift in Sources */,
			);
			runOnlyForDeploymentPostprocessing = 0;
		};
		B46AEBE7227F4D92004C9ABC /* Sources */ = {
			isa = PBXSourcesBuildPhase;
			buildActionMask = 2147483647;
			files = (
				B46AEBF7227F4DEA004C9ABC /* Network.swift in Sources */,
				B469921B22933B3B003E115A /* Error.swift in Sources */,
				B455052B229051AF000E383C /* Endpoint.swift in Sources */,
				B4F40D6222823B250090B413 /* FunctionalNetwork.swift in Sources */,
				B46AEBFC227F4DEA004C9ABC /* HTTP.swift in Sources */,
				B46AEBFA227F4DEA004C9ABC /* SecurityManager.swift in Sources */,
				B46AEBFB227F4DEA004C9ABC /* Encoder&Decoder.swift in Sources */,
				B469921D22933B76003E115A /* Logger.swift in Sources */,
			);
			runOnlyForDeploymentPostprocessing = 0;
		};
		E168D02B2045C2AC00F8C79F /* Sources */ = {
			isa = PBXSourcesBuildPhase;
			buildActionMask = 2147483647;
			files = (
				B42C08BE20CD1F2100A39F69 /* Logger.swift in Sources */,
				E168D0352045C2AC00F8C79F /* ViewController.swift in Sources */,
				B46AEBE5227F4B73004C9ABC /* Models.swift in Sources */,
				B455052322902653000E383C /* Extensions.swift in Sources */,
				B455052D229051FF000E383C /* Endpoints.swift in Sources */,
				B42C08BD20CD1F2100A39F69 /* Environment.swift in Sources */,
				B4810EF9228F07F9001578F1 /* FunctionalPhotoLoader.swift in Sources */,
				B455052522903D13000E383C /* Functional.swift in Sources */,
				E168D0332045C2AC00F8C79F /* AppDelegate.swift in Sources */,
			);
			runOnlyForDeploymentPostprocessing = 0;
		};
/* End PBXSourcesBuildPhase section */

/* Begin PBXTargetDependency section */
		B41947E5227CB8F400C22D85 /* PBXTargetDependency */ = {
			isa = PBXTargetDependency;
			target = B41947DE227CB8F400C22D85 /* FutureKit */;
			targetProxy = B41947E4227CB8F400C22D85 /* PBXContainerItemProxy */;
		};
		B46AEBF1227F4D93004C9ABC /* PBXTargetDependency */ = {
			isa = PBXTargetDependency;
			target = B46AEBEA227F4D92004C9ABC /* NetworkKit */;
			targetProxy = B46AEBF0227F4D93004C9ABC /* PBXContainerItemProxy */;
		};
/* End PBXTargetDependency section */

/* Begin PBXVariantGroup section */
		E168D0362045C2AC00F8C79F /* Main.storyboard */ = {
			isa = PBXVariantGroup;
			children = (
				E168D0372045C2AC00F8C79F /* Base */,
			);
			name = Main.storyboard;
			sourceTree = "<group>";
		};
		E168D03B2045C2AC00F8C79F /* LaunchScreen.storyboard */ = {
			isa = PBXVariantGroup;
			children = (
				E168D03C2045C2AC00F8C79F /* Base */,
			);
			name = LaunchScreen.storyboard;
			sourceTree = "<group>";
		};
/* End PBXVariantGroup section */

/* Begin XCBuildConfiguration section */
		B41947E8227CB8F400C22D85 /* Debug */ = {
			isa = XCBuildConfiguration;
			buildSettings = {
				CLANG_ENABLE_OBJC_WEAK = YES;
				CODE_SIGN_IDENTITY = "";
				CODE_SIGN_STYLE = Automatic;
				CURRENT_PROJECT_VERSION = 1;
				DEFINES_MODULE = YES;
				DEVELOPMENT_TEAM = R2K55BVQV8;
				DYLIB_COMPATIBILITY_VERSION = 1;
				DYLIB_CURRENT_VERSION = 1;
				DYLIB_INSTALL_NAME_BASE = "@rpath";
				INFOPLIST_FILE = FutureKit/Info.plist;
				INSTALL_PATH = "$(LOCAL_LIBRARY_DIR)/Frameworks";
				IPHONEOS_DEPLOYMENT_TARGET = 10.0;
				LD_RUNPATH_SEARCH_PATHS = "$(inherited) @executable_path/Frameworks @loader_path/Frameworks";
				MTL_ENABLE_DEBUG_INFO = INCLUDE_SOURCE;
				MTL_FAST_MATH = YES;
				PRODUCT_BUNDLE_IDENTIFIER = "fabfer-dev.FutureKit";
				PRODUCT_NAME = "$(TARGET_NAME:c99extidentifier)";
				SKIP_INSTALL = YES;
				SWIFT_VERSION = 5.0;
				TARGETED_DEVICE_FAMILY = "1,2";
				VERSIONING_SYSTEM = "apple-generic";
				VERSION_INFO_PREFIX = "";
			};
			name = Debug;
		};
		B41947E9227CB8F400C22D85 /* Release */ = {
			isa = XCBuildConfiguration;
			buildSettings = {
				CLANG_ENABLE_OBJC_WEAK = YES;
				CODE_SIGN_IDENTITY = "";
				CODE_SIGN_STYLE = Automatic;
				CURRENT_PROJECT_VERSION = 1;
				DEFINES_MODULE = YES;
				DEVELOPMENT_TEAM = R2K55BVQV8;
				DYLIB_COMPATIBILITY_VERSION = 1;
				DYLIB_CURRENT_VERSION = 1;
				DYLIB_INSTALL_NAME_BASE = "@rpath";
				INFOPLIST_FILE = FutureKit/Info.plist;
				INSTALL_PATH = "$(LOCAL_LIBRARY_DIR)/Frameworks";
				IPHONEOS_DEPLOYMENT_TARGET = 10.0;
				LD_RUNPATH_SEARCH_PATHS = "$(inherited) @executable_path/Frameworks @loader_path/Frameworks";
				MTL_FAST_MATH = YES;
				PRODUCT_BUNDLE_IDENTIFIER = "fabfer-dev.FutureKit";
				PRODUCT_NAME = "$(TARGET_NAME:c99extidentifier)";
				SKIP_INSTALL = YES;
				SWIFT_VERSION = 5.0;
				TARGETED_DEVICE_FAMILY = "1,2";
				VERSIONING_SYSTEM = "apple-generic";
				VERSION_INFO_PREFIX = "";
			};
			name = Release;
		};
		B46AEBF5227F4D93004C9ABC /* Debug */ = {
			isa = XCBuildConfiguration;
			buildSettings = {
				CLANG_ENABLE_OBJC_WEAK = YES;
				CODE_SIGN_IDENTITY = "";
				CODE_SIGN_STYLE = Automatic;
				CURRENT_PROJECT_VERSION = 1;
				DEFINES_MODULE = YES;
				DEVELOPMENT_TEAM = R2K55BVQV8;
				DYLIB_COMPATIBILITY_VERSION = 1;
				DYLIB_CURRENT_VERSION = 1;
				DYLIB_INSTALL_NAME_BASE = "@rpath";
				INFOPLIST_FILE = NetworkKit/Info.plist;
				INSTALL_PATH = "$(LOCAL_LIBRARY_DIR)/Frameworks";
				IPHONEOS_DEPLOYMENT_TARGET = 10.0;
				LD_RUNPATH_SEARCH_PATHS = "$(inherited) @executable_path/Frameworks @loader_path/Frameworks";
				MTL_ENABLE_DEBUG_INFO = INCLUDE_SOURCE;
				MTL_FAST_MATH = YES;
				PRODUCT_BUNDLE_IDENTIFIER = "fabfer-dev.NetworkKit";
				PRODUCT_NAME = "$(TARGET_NAME:c99extidentifier)";
				SKIP_INSTALL = YES;
				SWIFT_VERSION = 5.0;
				TARGETED_DEVICE_FAMILY = "1,2";
				VERSIONING_SYSTEM = "apple-generic";
				VERSION_INFO_PREFIX = "";
			};
			name = Debug;
		};
		B46AEBF6227F4D93004C9ABC /* Release */ = {
			isa = XCBuildConfiguration;
			buildSettings = {
				CLANG_ENABLE_OBJC_WEAK = YES;
				CODE_SIGN_IDENTITY = "";
				CODE_SIGN_STYLE = Automatic;
				CURRENT_PROJECT_VERSION = 1;
				DEFINES_MODULE = YES;
				DEVELOPMENT_TEAM = R2K55BVQV8;
				DYLIB_COMPATIBILITY_VERSION = 1;
				DYLIB_CURRENT_VERSION = 1;
				DYLIB_INSTALL_NAME_BASE = "@rpath";
				INFOPLIST_FILE = NetworkKit/Info.plist;
				INSTALL_PATH = "$(LOCAL_LIBRARY_DIR)/Frameworks";
				IPHONEOS_DEPLOYMENT_TARGET = 10.0;
				LD_RUNPATH_SEARCH_PATHS = "$(inherited) @executable_path/Frameworks @loader_path/Frameworks";
				MTL_FAST_MATH = YES;
				PRODUCT_BUNDLE_IDENTIFIER = "fabfer-dev.NetworkKit";
				PRODUCT_NAME = "$(TARGET_NAME:c99extidentifier)";
				SKIP_INSTALL = YES;
				SWIFT_VERSION = 5.0;
				TARGETED_DEVICE_FAMILY = "1,2";
				VERSIONING_SYSTEM = "apple-generic";
				VERSION_INFO_PREFIX = "";
			};
			name = Release;
		};
		E168D03F2045C2AC00F8C79F /* Debug */ = {
			isa = XCBuildConfiguration;
			buildSettings = {
				ALWAYS_SEARCH_USER_PATHS = NO;
				CLANG_ANALYZER_NONNULL = YES;
				CLANG_ANALYZER_NUMBER_OBJECT_CONVERSION = YES_AGGRESSIVE;
				CLANG_CXX_LANGUAGE_STANDARD = "gnu++14";
				CLANG_CXX_LIBRARY = "libc++";
				CLANG_ENABLE_MODULES = YES;
				CLANG_ENABLE_OBJC_ARC = YES;
				CLANG_WARN_BLOCK_CAPTURE_AUTORELEASING = YES;
				CLANG_WARN_BOOL_CONVERSION = YES;
				CLANG_WARN_COMMA = YES;
				CLANG_WARN_CONSTANT_CONVERSION = YES;
				CLANG_WARN_DEPRECATED_OBJC_IMPLEMENTATIONS = YES;
				CLANG_WARN_DIRECT_OBJC_ISA_USAGE = YES_ERROR;
				CLANG_WARN_DOCUMENTATION_COMMENTS = YES;
				CLANG_WARN_EMPTY_BODY = YES;
				CLANG_WARN_ENUM_CONVERSION = YES;
				CLANG_WARN_INFINITE_RECURSION = YES;
				CLANG_WARN_INT_CONVERSION = YES;
				CLANG_WARN_NON_LITERAL_NULL_CONVERSION = YES;
				CLANG_WARN_OBJC_IMPLICIT_RETAIN_SELF = YES;
				CLANG_WARN_OBJC_LITERAL_CONVERSION = YES;
				CLANG_WARN_OBJC_ROOT_CLASS = YES_ERROR;
				CLANG_WARN_RANGE_LOOP_ANALYSIS = YES;
				CLANG_WARN_STRICT_PROTOTYPES = YES;
				CLANG_WARN_SUSPICIOUS_MOVE = YES;
				CLANG_WARN_UNGUARDED_AVAILABILITY = YES_AGGRESSIVE;
				CLANG_WARN_UNREACHABLE_CODE = YES;
				CLANG_WARN__DUPLICATE_METHOD_MATCH = YES;
				CODE_SIGN_IDENTITY = "iPhone Developer";
				COPY_PHASE_STRIP = NO;
				DEBUG_INFORMATION_FORMAT = dwarf;
				ENABLE_STRICT_OBJC_MSGSEND = YES;
				ENABLE_TESTABILITY = YES;
				GCC_C_LANGUAGE_STANDARD = gnu11;
				GCC_DYNAMIC_NO_PIC = NO;
				GCC_NO_COMMON_BLOCKS = YES;
				GCC_OPTIMIZATION_LEVEL = 0;
				GCC_PREPROCESSOR_DEFINITIONS = (
					"DEBUG=1",
					"$(inherited)",
				);
				GCC_WARN_64_TO_32_BIT_CONVERSION = YES;
				GCC_WARN_ABOUT_RETURN_TYPE = YES_ERROR;
				GCC_WARN_UNDECLARED_SELECTOR = YES;
				GCC_WARN_UNINITIALIZED_AUTOS = YES_AGGRESSIVE;
				GCC_WARN_UNUSED_FUNCTION = YES;
				GCC_WARN_UNUSED_VARIABLE = YES;
				IPHONEOS_DEPLOYMENT_TARGET = 11.2;
				MTL_ENABLE_DEBUG_INFO = YES;
				ONLY_ACTIVE_ARCH = YES;
				SDKROOT = iphoneos;
				SWIFT_ACTIVE_COMPILATION_CONDITIONS = DEBUG;
				SWIFT_OPTIMIZATION_LEVEL = "-Onone";
			};
			name = Debug;
		};
		E168D0402045C2AC00F8C79F /* Release */ = {
			isa = XCBuildConfiguration;
			buildSettings = {
				ALWAYS_SEARCH_USER_PATHS = NO;
				CLANG_ANALYZER_NONNULL = YES;
				CLANG_ANALYZER_NUMBER_OBJECT_CONVERSION = YES_AGGRESSIVE;
				CLANG_CXX_LANGUAGE_STANDARD = "gnu++14";
				CLANG_CXX_LIBRARY = "libc++";
				CLANG_ENABLE_MODULES = YES;
				CLANG_ENABLE_OBJC_ARC = YES;
				CLANG_WARN_BLOCK_CAPTURE_AUTORELEASING = YES;
				CLANG_WARN_BOOL_CONVERSION = YES;
				CLANG_WARN_COMMA = YES;
				CLANG_WARN_CONSTANT_CONVERSION = YES;
				CLANG_WARN_DEPRECATED_OBJC_IMPLEMENTATIONS = YES;
				CLANG_WARN_DIRECT_OBJC_ISA_USAGE = YES_ERROR;
				CLANG_WARN_DOCUMENTATION_COMMENTS = YES;
				CLANG_WARN_EMPTY_BODY = YES;
				CLANG_WARN_ENUM_CONVERSION = YES;
				CLANG_WARN_INFINITE_RECURSION = YES;
				CLANG_WARN_INT_CONVERSION = YES;
				CLANG_WARN_NON_LITERAL_NULL_CONVERSION = YES;
				CLANG_WARN_OBJC_IMPLICIT_RETAIN_SELF = YES;
				CLANG_WARN_OBJC_LITERAL_CONVERSION = YES;
				CLANG_WARN_OBJC_ROOT_CLASS = YES_ERROR;
				CLANG_WARN_RANGE_LOOP_ANALYSIS = YES;
				CLANG_WARN_STRICT_PROTOTYPES = YES;
				CLANG_WARN_SUSPICIOUS_MOVE = YES;
				CLANG_WARN_UNGUARDED_AVAILABILITY = YES_AGGRESSIVE;
				CLANG_WARN_UNREACHABLE_CODE = YES;
				CLANG_WARN__DUPLICATE_METHOD_MATCH = YES;
				CODE_SIGN_IDENTITY = "iPhone Developer";
				COPY_PHASE_STRIP = NO;
				DEBUG_INFORMATION_FORMAT = "dwarf-with-dsym";
				ENABLE_NS_ASSERTIONS = NO;
				ENABLE_STRICT_OBJC_MSGSEND = YES;
				GCC_C_LANGUAGE_STANDARD = gnu11;
				GCC_NO_COMMON_BLOCKS = YES;
				GCC_WARN_64_TO_32_BIT_CONVERSION = YES;
				GCC_WARN_ABOUT_RETURN_TYPE = YES_ERROR;
				GCC_WARN_UNDECLARED_SELECTOR = YES;
				GCC_WARN_UNINITIALIZED_AUTOS = YES_AGGRESSIVE;
				GCC_WARN_UNUSED_FUNCTION = YES;
				GCC_WARN_UNUSED_VARIABLE = YES;
				IPHONEOS_DEPLOYMENT_TARGET = 11.2;
				MTL_ENABLE_DEBUG_INFO = NO;
				SDKROOT = iphoneos;
				SWIFT_OPTIMIZATION_LEVEL = "-Owholemodule";
				VALIDATE_PRODUCT = YES;
			};
			name = Release;
		};
		E168D0422045C2AC00F8C79F /* Debug */ = {
			isa = XCBuildConfiguration;
			buildSettings = {
				ALWAYS_EMBED_SWIFT_STANDARD_LIBRARIES = YES;
				ASSETCATALOG_COMPILER_APPICON_NAME = AppIcon;
				CODE_SIGN_STYLE = Automatic;
				DEVELOPMENT_TEAM = R2K55BVQV8;
				INFOPLIST_FILE = "$(SRCROOT)/Network App/Info.plist";
				IPHONEOS_DEPLOYMENT_TARGET = 10.0;
				LD_RUNPATH_SEARCH_PATHS = "$(inherited) @executable_path/Frameworks";
				PRODUCT_BUNDLE_IDENTIFIER = fabfer.dev.Network;
				PRODUCT_NAME = "$(TARGET_NAME)";
				SWIFT_VERSION = 5.0;
				TARGETED_DEVICE_FAMILY = "1,2";
			};
			name = Debug;
		};
		E168D0432045C2AC00F8C79F /* Release */ = {
			isa = XCBuildConfiguration;
			buildSettings = {
				ALWAYS_EMBED_SWIFT_STANDARD_LIBRARIES = YES;
				ASSETCATALOG_COMPILER_APPICON_NAME = AppIcon;
				CODE_SIGN_STYLE = Automatic;
				DEVELOPMENT_TEAM = R2K55BVQV8;
				INFOPLIST_FILE = "$(SRCROOT)/Network App/Info.plist";
				IPHONEOS_DEPLOYMENT_TARGET = 10.0;
				LD_RUNPATH_SEARCH_PATHS = "$(inherited) @executable_path/Frameworks";
				PRODUCT_BUNDLE_IDENTIFIER = fabfer.dev.Network;
				PRODUCT_NAME = "$(TARGET_NAME)";
				SWIFT_VERSION = 5.0;
				TARGETED_DEVICE_FAMILY = "1,2";
			};
			name = Release;
		};
/* End XCBuildConfiguration section */

/* Begin XCConfigurationList section */
		B41947EA227CB8F400C22D85 /* Build configuration list for PBXNativeTarget "FutureKit" */ = {
			isa = XCConfigurationList;
			buildConfigurations = (
				B41947E8227CB8F400C22D85 /* Debug */,
				B41947E9227CB8F400C22D85 /* Release */,
			);
			defaultConfigurationIsVisible = 0;
			defaultConfigurationName = Release;
		};
		B46AEBF4227F4D93004C9ABC /* Build configuration list for PBXNativeTarget "NetworkKit" */ = {
			isa = XCConfigurationList;
			buildConfigurations = (
				B46AEBF5227F4D93004C9ABC /* Debug */,
				B46AEBF6227F4D93004C9ABC /* Release */,
			);
			defaultConfigurationIsVisible = 0;
			defaultConfigurationName = Release;
		};
		E168D02A2045C2AC00F8C79F /* Build configuration list for PBXProject "Network App" */ = {
			isa = XCConfigurationList;
			buildConfigurations = (
				E168D03F2045C2AC00F8C79F /* Debug */,
				E168D0402045C2AC00F8C79F /* Release */,
			);
			defaultConfigurationIsVisible = 0;
			defaultConfigurationName = Release;
		};
		E168D0412045C2AC00F8C79F /* Build configuration list for PBXNativeTarget "Network App" */ = {
			isa = XCConfigurationList;
			buildConfigurations = (
				E168D0422045C2AC00F8C79F /* Debug */,
				E168D0432045C2AC00F8C79F /* Release */,
			);
			defaultConfigurationIsVisible = 0;
			defaultConfigurationName = Release;
		};
/* End XCConfigurationList section */
	};
	rootObject = E168D0272045C2AC00F8C79F /* Project object */;
}
